
Microsoft Visual Studio Solution File, Format Version 12.00
# Visual Studio 15
VisualStudioVersion = 15.0.28307.757
MinimumVisualStudioVersion = 10.0.40219.1
Project("{FAE04EC0-301F-11D3-BF4B-00C04F79EFBC}") = "CSHARP4", "CSHARP4.csproj", "{EC2B03BD-6373-469D-A6D2-C9A548525677}"
EndProject
Global
	GlobalSection(SolutionConfigurationPlatforms) = preSolution
		Debug|Any CPU = Debug|Any CPU
		Release|Any CPU = Release|Any CPU
	EndGlobalSection
	GlobalSection(ProjectConfigurationPlatforms) = postSolution
		{EC2B03BD-6373-469D-A6D2-C9A548525677}.Debug|Any CPU.ActiveCfg = Debug|Any CPU
		{EC2B03BD-6373-469D-A6D2-C9A548525677}.Debug|Any CPU.Build.0 = Debug|Any CPU
		{EC2B03BD-6373-469D-A6D2-C9A548525677}.Release|Any CPU.ActiveCfg = Release|Any CPU
		{EC2B03BD-6373-469D-A6D2-C9A548525677}.Release|Any CPU.Build.0 = Release|Any CPU
	EndGlobalSection
	GlobalSection(SolutionProperties) = preSolution
		HideSolutionNode = FALSE
	EndGlobalSection
	GlobalSection(ExtensibilityGlobals) = postSolution
		SolutionGuid = {021E4195-ED68-4669-B52B-7544036B643C}
	EndGlobalSection
EndGlobal
